
Microsoft Visual Studio Solution File, Format Version 12.00
Project("{FAE04EC0-301F-11D3-BF4B-00C04F79EFBC}") = "PTQ.API", "src\PTQ.API\PTQ.API.csproj", "{9799D062-C9E7-4010-A13E-BFF59B911405}"
EndProject
Project("{FAE04EC0-301F-11D3-BF4B-00C04F79EFBC}") = "PTQ.Models", "src\PTQ.Models\PTQ.Models.csproj", "{711E3E68-358C-49B3-9D95-FFC7DEDF3D2F}"
EndProject
Project("{FAE04EC0-301F-11D3-BF4B-00C04F79EFBC}") = "PTQ.Repositories", "src\PTQ.Repositories\PTQ.Repositories.csproj", "{1D3E4FC5-B93C-4650-B61F-C43934710BEA}"
EndProject
Project("{FAE04EC0-301F-11D3-BF4B-00C04F79EFBC}") = "PTQ.Application", "src\PTQ.Application\PTQ.Application.csproj", "{780EBAA4-E2EC-4ACD-B911-6D0BE526A656}"
EndProject
Global
	GlobalSection(SolutionConfigurationPlatforms) = preSolution
		Debug|Any CPU = Debug|Any CPU
		Release|Any CPU = Release|Any CPU
	EndGlobalSection
	GlobalSection(ProjectConfigurationPlatforms) = postSolution
		{9799D062-C9E7-4010-A13E-BFF59B911405}.Debug|Any CPU.ActiveCfg = Debug|Any CPU
		{9799D062-C9E7-4010-A13E-BFF59B911405}.Debug|Any CPU.Build.0 = Debug|Any CPU
		{9799D062-C9E7-4010-A13E-BFF59B911405}.Release|Any CPU.ActiveCfg = Release|Any CPU
		{9799D062-C9E7-4010-A13E-BFF59B911405}.Release|Any CPU.Build.0 = Release|Any CPU
		{711E3E68-358C-49B3-9D95-FFC7DEDF3D2F}.Debug|Any CPU.ActiveCfg = Debug|Any CPU
		{711E3E68-358C-49B3-9D95-FFC7DEDF3D2F}.Debug|Any CPU.Build.0 = Debug|Any CPU
		{711E3E68-358C-49B3-9D95-FFC7DEDF3D2F}.Release|Any CPU.ActiveCfg = Release|Any CPU
		{711E3E68-358C-49B3-9D95-FFC7DEDF3D2F}.Release|Any CPU.Build.0 = Release|Any CPU
		{1D3E4FC5-B93C-4650-B61F-C43934710BEA}.Debug|Any CPU.ActiveCfg = Debug|Any CPU
		{1D3E4FC5-B93C-4650-B61F-C43934710BEA}.Debug|Any CPU.Build.0 = Debug|Any CPU
		{1D3E4FC5-B93C-4650-B61F-C43934710BEA}.Release|Any CPU.ActiveCfg = Release|Any CPU
		{1D3E4FC5-B93C-4650-B61F-C43934710BEA}.Release|Any CPU.Build.0 = Release|Any CPU
		{780EBAA4-E2EC-4ACD-B911-6D0BE526A656}.Debug|Any CPU.ActiveCfg = Debug|Any CPU
		{780EBAA4-E2EC-4ACD-B911-6D0BE526A656}.Debug|Any CPU.Build.0 = Debug|Any CPU
		{780EBAA4-E2EC-4ACD-B911-6D0BE526A656}.Release|Any CPU.ActiveCfg = Release|Any CPU
		{780EBAA4-E2EC-4ACD-B911-6D0BE526A656}.Release|Any CPU.Build.0 = Release|Any CPU
	EndGlobalSection
EndGlobal
